{
  "name": "feathers-redux",
  "version": "2.1.0",
  "lockfileVersion": 1,
  "requires": true,
  "dependencies": {
    "@feathersjs/commons": {
      "version": "1.4.0",
      "resolved": "https://registry.npmjs.org/@feathersjs/commons/-/commons-1.4.0.tgz",
      "integrity": "sha512-21/E+KpFJO32fK8snn9kVCWi7R3C2CEPUsuxgYg61mKqydXBvo0lDzMfhp//o4pu9rdZrvNSGyb32Gvi3eK3OA=="
    },
    "sift": {
      "version": "5.0.0",
      "resolved": "https://registry.npmjs.org/sift/-/sift-5.0.0.tgz",
      "integrity": "sha1-IS7LQQ2KUbg+fZaeSdU+ZZAoX/o="
    }
  }
}
